{
    "_readme": [
        "This file locks the dependencies of your project to a known state",
        "Read more about it at https://getcomposer.org/doc/01-basic-usage.md#installing-dependencies",
        "This file is @generated automatically"
    ],
    "content-hash": "b31cc281dc08c9c62e9d6e566f7a3dc5",
    "packages": [
        {
            "name": "errcode/framework",
            "version": "dev-master",
            "source": {
                "type": "git",
                "url": "https://github.com/ErrCodeRussia/framework.git",
                "reference": "aa22fdf3ea4609dc2fbf8a825fc70e9b59e6d512"
            },
            "dist": {
                "type": "zip",
                "url": "https://api.github.com/repos/ErrCodeRussia/framework/zipball/aa22fdf3ea4609dc2fbf8a825fc70e9b59e6d512",
                "reference": "aa22fdf3ea4609dc2fbf8a825fc70e9b59e6d512",
                "shasum": ""
            },
            "require": {
                "ext-mysqli": "*"
            },
            "type": "framework",
            "autoload": {
                "classmap": [
                    "/"
                ]
            },
            "notification-url": "https://packagist.org/downloads/",
            "license": [
                "MIT"
            ],
            "authors": [
                {
                    "name": "Pavel Sklyar",
                    "email": "ozpavel@yandex.ru"
                }
            ],
            "description": "The ErrCode Framework",
            "time": "2019-12-09T19:00:17+00:00"
        }
    ],
    "packages-dev": [],
    "aliases": [],
    "minimum-stability": "dev",
    "stability-flags": {
        "errcode/framework": 20
    },
    "prefer-stable": false,
    "prefer-lowest": false,
    "platform": {
        "ext-mysqli": "*"
    },
    "platform-dev": []
}
